
Microsoft Visual Studio Solution File, Format Version 12.00
# Visual Studio Version 17
VisualStudioVersion = 17.11.35312.102
MinimumVisualStudioVersion = 10.0.40219.1
Project("{FAE04EC0-301F-11D3-BF4B-00C04F79EFBC}") = "CQRSDemo", "CQRSDemo.csproj", "{B6C6C33C-9E77-439E-A82F-95D401A881DA}"
EndProject
Project("{FAE04EC0-301F-11D3-BF4B-00C04F79EFBC}") = "CQRS.DL", "..\CQRS.DL\CQRS.DL.csproj", "{EC1B236A-48DB-48CE-BBDF-96F6EF26E38A}"
EndProject
Project("{FAE04EC0-301F-11D3-BF4B-00C04F79EFBC}") = "CQRS.BL", "..\CQRS.BL\CQRS.BL.csproj", "{01EF9A22-927C-4347-9A3A-BB9D01024281}"
EndProject
Project("{FAE04EC0-301F-11D3-BF4B-00C04F79EFBC}") = "CQRS.DTO", "..\CQRS.DTO\CQRS.DTO.csproj", "{217B27B0-D37D-4061-A815-3ECF3DCCC887}"
EndProject
Project("{FAE04EC0-301F-11D3-BF4B-00C04F79EFBC}") = "CQRS.Entities", "..\CQRS.Entities\CQRS.Entities.csproj", "{84B2FA52-5DCF-46A0-823E-53446DDD07C8}"
EndProject
Global
	GlobalSection(SolutionConfigurationPlatforms) = preSolution
		Debug|Any CPU = Debug|Any CPU
		Release|Any CPU = Release|Any CPU
	EndGlobalSection
	GlobalSection(ProjectConfigurationPlatforms) = postSolution
		{B6C6C33C-9E77-439E-A82F-95D401A881DA}.Debug|Any CPU.ActiveCfg = Debug|Any CPU
		{B6C6C33C-9E77-439E-A82F-95D401A881DA}.Debug|Any CPU.Build.0 = Debug|Any CPU
		{B6C6C33C-9E77-439E-A82F-95D401A881DA}.Release|Any CPU.ActiveCfg = Release|Any CPU
		{B6C6C33C-9E77-439E-A82F-95D401A881DA}.Release|Any CPU.Build.0 = Release|Any CPU
		{EC1B236A-48DB-48CE-BBDF-96F6EF26E38A}.Debug|Any CPU.ActiveCfg = Debug|Any CPU
		{EC1B236A-48DB-48CE-BBDF-96F6EF26E38A}.Debug|Any CPU.Build.0 = Debug|Any CPU
		{EC1B236A-48DB-48CE-BBDF-96F6EF26E38A}.Release|Any CPU.ActiveCfg = Release|Any CPU
		{EC1B236A-48DB-48CE-BBDF-96F6EF26E38A}.Release|Any CPU.Build.0 = Release|Any CPU
		{01EF9A22-927C-4347-9A3A-BB9D01024281}.Debug|Any CPU.ActiveCfg = Debug|Any CPU
		{01EF9A22-927C-4347-9A3A-BB9D01024281}.Debug|Any CPU.Build.0 = Debug|Any CPU
		{01EF9A22-927C-4347-9A3A-BB9D01024281}.Release|Any CPU.ActiveCfg = Release|Any CPU
		{01EF9A22-927C-4347-9A3A-BB9D01024281}.Release|Any CPU.Build.0 = Release|Any CPU
		{217B27B0-D37D-4061-A815-3ECF3DCCC887}.Debug|Any CPU.ActiveCfg = Debug|Any CPU
		{217B27B0-D37D-4061-A815-3ECF3DCCC887}.Debug|Any CPU.Build.0 = Debug|Any CPU
		{217B27B0-D37D-4061-A815-3ECF3DCCC887}.Release|Any CPU.ActiveCfg = Release|Any CPU
		{217B27B0-D37D-4061-A815-3ECF3DCCC887}.Release|Any CPU.Build.0 = Release|Any CPU
		{84B2FA52-5DCF-46A0-823E-53446DDD07C8}.Debug|Any CPU.ActiveCfg = Debug|Any CPU
		{84B2FA52-5DCF-46A0-823E-53446DDD07C8}.Debug|Any CPU.Build.0 = Debug|Any CPU
		{84B2FA52-5DCF-46A0-823E-53446DDD07C8}.Release|Any CPU.ActiveCfg = Release|Any CPU
		{84B2FA52-5DCF-46A0-823E-53446DDD07C8}.Release|Any CPU.Build.0 = Release|Any CPU
	EndGlobalSection
	GlobalSection(SolutionProperties) = preSolution
		HideSolutionNode = FALSE
	EndGlobalSection
	GlobalSection(ExtensibilityGlobals) = postSolution
		SolutionGuid = {3B809E0D-ED2B-460E-8000-4B59BA2DD72F}
	EndGlobalSection
EndGlobal
